
Microsoft Visual Studio Solution File, Format Version 12.00
# Visual Studio 2013
VisualStudioVersion = 12.0.31101.0
MinimumVisualStudioVersion = 10.0.40219.1
Project("{E24C65DC-7377-472B-9ABA-BC803B73C61A}") = "DATA_PROJECT(1)", "http://localhost:59768", "{81091FF6-7CD7-4D93-A38F-60956A25DCB7}"
	ProjectSection(WebsiteProperties) = preProject
		UseIISExpress = "true"
		TargetFrameworkMoniker = ".NETFramework,Version%3Dv4.5"
		Debug.AspNetCompiler.VirtualPath = "/localhost_59768"
		Debug.AspNetCompiler.PhysicalPath = "..\Davey Tree\New folder\Solution1\DATA_PROJECT\"
		Debug.AspNetCompiler.TargetPath = "PrecompiledWeb\localhost_59768\"
		Debug.AspNetCompiler.Updateable = "true"
		Debug.AspNetCompiler.ForceOverwrite = "true"
		Debug.AspNetCompiler.FixedNames = "false"
		Debug.AspNetCompiler.Debug = "True"
		Release.AspNetCompiler.VirtualPath = "/localhost_59768"
		Release.AspNetCompiler.PhysicalPath = "..\Davey Tree\New folder\Solution1\DATA_PROJECT\"
		Release.AspNetCompiler.TargetPath = "PrecompiledWeb\localhost_59768\"
		Release.AspNetCompiler.Updateable = "true"
		Release.AspNetCompiler.ForceOverwrite = "true"
		Release.AspNetCompiler.FixedNames = "false"
		Release.AspNetCompiler.Debug = "False"
		SlnRelativePath = "..\Davey Tree\New folder\Solution1\DATA_PROJECT\"
	EndProjectSection
EndProject
Global
	GlobalSection(SolutionConfigurationPlatforms) = preSolution
		Debug|Any CPU = Debug|Any CPU
	EndGlobalSection
	GlobalSection(ProjectConfigurationPlatforms) = postSolution
		{81091FF6-7CD7-4D93-A38F-60956A25DCB7}.Debug|Any CPU.ActiveCfg = Debug|Any CPU
		{81091FF6-7CD7-4D93-A38F-60956A25DCB7}.Debug|Any CPU.Build.0 = Debug|Any CPU
	EndGlobalSection
	GlobalSection(SolutionProperties) = preSolution
		HideSolutionNode = FALSE
	EndGlobalSection
EndGlobal
